// !$*UTF8*$!
{
	archiveVersion = 1;
	classes = {
	};
	objectVersion = 56;
	objects = {

/* Begin PBXBuildFile section */
		0A05E9BC2988416400B87C5E /* DeveloperViewController.swift in Sources */ = {isa = PBXBuildFile; fileRef = 0A05E9BB2988416400B87C5E /* DeveloperViewController.swift */; };
		0A05E9BE298D539C00B87C5E /* SetDirectionViewController.swift in Sources */ = {isa = PBXBuildFile; fileRef = 0A05E9BD298D539C00B87C5E /* SetDirectionViewController.swift */; };
		0A05E9C2298DA11D00B87C5E /* DateConverter.swift in Sources */ = {isa = PBXBuildFile; fileRef = 0A05E9C1298DA11D00B87C5E /* DateConverter.swift */; };
		0A05E9C8298DB70000B87C5E /* SetDirectionCollectionViewCell.swift in Sources */ = {isa = PBXBuildFile; fileRef = 0A05E9C7298DB70000B87C5E /* SetDirectionCollectionViewCell.swift */; };
		0A05E9CA298DCCDC00B87C5E /* SetDirectionData.swift in Sources */ = {isa = PBXBuildFile; fileRef = 0A05E9C9298DCCDC00B87C5E /* SetDirectionData.swift */; };
		0A05E9CD29932F2F00B87C5E /* LocationDataConverter.swift in Sources */ = {isa = PBXBuildFile; fileRef = 0A05E9CC29932F2F00B87C5E /* LocationDataConverter.swift */; };
		0A05E9D12993456F00B87C5E /* DirectionResultViewController.swift in Sources */ = {isa = PBXBuildFile; fileRef = 0A05E9D02993456F00B87C5E /* DirectionResultViewController.swift */; };
		0A05E9D32996245C00B87C5E /* DirectionTools.swift in Sources */ = {isa = PBXBuildFile; fileRef = 0A05E9D22996245C00B87C5E /* DirectionTools.swift */; };
		0A05E9DB299B6E7F00B87C5E /* DirectionResultTableViewCell.swift in Sources */ = {isa = PBXBuildFile; fileRef = 0A05E9DA299B6E7F00B87C5E /* DirectionResultTableViewCell.swift */; };
		0A05E9E0299D809C00B87C5E /* OnboardingViewController.swift in Sources */ = {isa = PBXBuildFile; fileRef = 0A05E9DF299D809C00B87C5E /* OnboardingViewController.swift */; };
		0A05E9E2299D80EE00B87C5E /* Core.swift in Sources */ = {isa = PBXBuildFile; fileRef = 0A05E9E1299D80EE00B87C5E /* Core.swift */; };
		0A1B52AD29865E5E00FB548D /* AppDelegate.swift in Sources */ = {isa = PBXBuildFile; fileRef = 0A1B52AC29865E5E00FB548D /* AppDelegate.swift */; };
		0A1B52AF29865E5E00FB548D /* SceneDelegate.swift in Sources */ = {isa = PBXBuildFile; fileRef = 0A1B52AE29865E5E00FB548D /* SceneDelegate.swift */; };
		0A1B52B429865E5E00FB548D /* Main.storyboard in Resources */ = {isa = PBXBuildFile; fileRef = 0A1B52B229865E5E00FB548D /* Main.storyboard */; };
		0A1B52B729865E5E00FB548D /* Map_Search_App.xcdatamodeld in Sources */ = {isa = PBXBuildFile; fileRef = 0A1B52B529865E5E00FB548D /* Map_Search_App.xcdatamodeld */; };
		0A1B52B929865E6000FB548D /* Assets.xcassets in Resources */ = {isa = PBXBuildFile; fileRef = 0A1B52B829865E6000FB548D /* Assets.xcassets */; };
		0A1B52BC29865E6000FB548D /* LaunchScreen.storyboard in Resources */ = {isa = PBXBuildFile; fileRef = 0A1B52BA29865E6000FB548D /* LaunchScreen.storyboard */; };
		0A1B52CA298662DC00FB548D /* DetailsStruct.swift in Sources */ = {isa = PBXBuildFile; fileRef = 0A1B52C9298662DC00FB548D /* DetailsStruct.swift */; };
		0A1B52D4298663F300FB548D /* PlaceEntityStack.swift in Sources */ = {isa = PBXBuildFile; fileRef = 0A1B52D3298663F200FB548D /* PlaceEntityStack.swift */; };
		0A1B52D62986642100FB548D /* SearchHistoryStack.swift in Sources */ = {isa = PBXBuildFile; fileRef = 0A1B52D52986642100FB548D /* SearchHistoryStack.swift */; };
		0A1B52D8298664BE00FB548D /* FavouriteTableViewCell.swift in Sources */ = {isa = PBXBuildFile; fileRef = 0A1B52D7298664BE00FB548D /* FavouriteTableViewCell.swift */; };
		0A1B52DA298664CE00FB548D /* ResultCollectionViewCell.swift in Sources */ = {isa = PBXBuildFile; fileRef = 0A1B52D9298664CE00FB548D /* ResultCollectionViewCell.swift */; };
		0A1B52DC298664E000FB548D /* SearchResultTableViewCell.swift in Sources */ = {isa = PBXBuildFile; fileRef = 0A1B52DB298664E000FB548D /* SearchResultTableViewCell.swift */; };
		0A1B52DE2986658A00FB548D /* MapViewController.swift in Sources */ = {isa = PBXBuildFile; fileRef = 0A1B52DD2986658A00FB548D /* MapViewController.swift */; };
		0A1B52E02986659C00FB548D /* FavouriteTableView.swift in Sources */ = {isa = PBXBuildFile; fileRef = 0A1B52DF2986659C00FB548D /* FavouriteTableView.swift */; };
		0A1B52E2298665BE00FB548D /* DetailViewController.swift in Sources */ = {isa = PBXBuildFile; fileRef = 0A1B52E1298665BE00FB548D /* DetailViewController.swift */; };
		0A1B52E4298665CF00FB548D /* SearchViewController.swift in Sources */ = {isa = PBXBuildFile; fileRef = 0A1B52E3298665CF00FB548D /* SearchViewController.swift */; };
		0A1B52E7298665E200FB548D /* WeatherViewController.swift in Sources */ = {isa = PBXBuildFile; fileRef = 0A1B52E6298665E200FB548D /* WeatherViewController.swift */; };
		0A44477929ACF71500C78698 /* NotificationManager.swift in Sources */ = {isa = PBXBuildFile; fileRef = 0A44477829ACF71500C78698 /* NotificationManager.swift */; };
		0A44477C29AD86DC00C78698 /* DirectionResultStruct.swift in Sources */ = {isa = PBXBuildFile; fileRef = 0A44477B29AD86DC00C78698 /* DirectionResultStruct.swift */; };
		0A44477F29AD876C00C78698 /* OnboardingStruct.swift in Sources */ = {isa = PBXBuildFile; fileRef = 0A44477E29AD876C00C78698 /* OnboardingStruct.swift */; };
		0A44478229AD87B700C78698 /* SearchViewStruct.swift in Sources */ = {isa = PBXBuildFile; fileRef = 0A44478129AD87B700C78698 /* SearchViewStruct.swift */; };
		0A810FDF29A2C61600227AA3 /* WeatherParsing.swift in Sources */ = {isa = PBXBuildFile; fileRef = 0A810FDE29A2C61600227AA3 /* WeatherParsing.swift */; };
		0A810FE129A2D0AB00227AA3 /* WeatherModel.swift in Sources */ = {isa = PBXBuildFile; fileRef = 0A810FE029A2D0AB00227AA3 /* WeatherModel.swift */; };
		4F96613ADD4C578851915A65 /* Pods_Map_Search_App.framework in Frameworks */ = {isa = PBXBuildFile; fileRef = 3449A25C555D5F50249FCC55 /* Pods_Map_Search_App.framework */; };
/* End PBXBuildFile section */

/* Begin PBXFileReference section */
		0A05E9BB2988416400B87C5E /* DeveloperViewController.swift */ = {isa = PBXFileReference; lastKnownFileType = sourcecode.swift; path = DeveloperViewController.swift; sourceTree = "<group>"; };
		0A05E9BD298D539C00B87C5E /* SetDirectionViewController.swift */ = {isa = PBXFileReference; lastKnownFileType = sourcecode.swift; path = SetDirectionViewController.swift; sourceTree = "<group>"; };
		0A05E9C1298DA11D00B87C5E /* DateConverter.swift */ = {isa = PBXFileReference; lastKnownFileType = sourcecode.swift; path = DateConverter.swift; sourceTree = "<group>"; };
		0A05E9C7298DB70000B87C5E /* SetDirectionCollectionViewCell.swift */ = {isa = PBXFileReference; lastKnownFileType = sourcecode.swift; path = SetDirectionCollectionViewCell.swift; sourceTree = "<group>"; };
		0A05E9C9298DCCDC00B87C5E /* SetDirectionData.swift */ = {isa = PBXFileReference; lastKnownFileType = sourcecode.swift; path = SetDirectionData.swift; sourceTree = "<group>"; };
		0A05E9CC29932F2F00B87C5E /* LocationDataConverter.swift */ = {isa = PBXFileReference; lastKnownFileType = sourcecode.swift; path = LocationDataConverter.swift; sourceTree = "<group>"; };
		0A05E9D02993456F00B87C5E /* DirectionResultViewController.swift */ = {isa = PBXFileReference; lastKnownFileType = sourcecode.swift; path = DirectionResultViewController.swift; sourceTree = "<group>"; };
		0A05E9D22996245C00B87C5E /* DirectionTools.swift */ = {isa = PBXFileReference; lastKnownFileType = sourcecode.swift; path = DirectionTools.swift; sourceTree = "<group>"; };
		0A05E9DA299B6E7F00B87C5E /* DirectionResultTableViewCell.swift */ = {isa = PBXFileReference; lastKnownFileType = sourcecode.swift; path = DirectionResultTableViewCell.swift; sourceTree = "<group>"; };
		0A05E9DF299D809C00B87C5E /* OnboardingViewController.swift */ = {isa = PBXFileReference; lastKnownFileType = sourcecode.swift; path = OnboardingViewController.swift; sourceTree = "<group>"; };
		0A05E9E1299D80EE00B87C5E /* Core.swift */ = {isa = PBXFileReference; lastKnownFileType = sourcecode.swift; path = Core.swift; sourceTree = "<group>"; };
		0A1B52A929865E5E00FB548D /* Map Search App.app */ = {isa = PBXFileReference; explicitFileType = wrapper.application; includeInIndex = 0; path = "Map Search App.app"; sourceTree = BUILT_PRODUCTS_DIR; };
		0A1B52AC29865E5E00FB548D /* AppDelegate.swift */ = {isa = PBXFileReference; lastKnownFileType = sourcecode.swift; path = AppDelegate.swift; sourceTree = "<group>"; };
		0A1B52AE29865E5E00FB548D /* SceneDelegate.swift */ = {isa = PBXFileReference; lastKnownFileType = sourcecode.swift; path = SceneDelegate.swift; sourceTree = "<group>"; };
		0A1B52B329865E5E00FB548D /* Base */ = {isa = PBXFileReference; lastKnownFileType = file.storyboard; name = Base; path = Base.lproj/Main.storyboard; sourceTree = "<group>"; };
		0A1B52B629865E5E00FB548D /* Map_Search_App.xcdatamodel */ = {isa = PBXFileReference; lastKnownFileType = wrapper.xcdatamodel; path = Map_Search_App.xcdatamodel; sourceTree = "<group>"; };
		0A1B52B829865E6000FB548D /* Assets.xcassets */ = {isa = PBXFileReference; lastKnownFileType = folder.assetcatalog; path = Assets.xcassets; sourceTree = "<group>"; };
		0A1B52BB29865E6000FB548D /* Base */ = {isa = PBXFileReference; lastKnownFileType = file.storyboard; name = Base; path = Base.lproj/LaunchScreen.storyboard; sourceTree = "<group>"; };
		0A1B52BD29865E6000FB548D /* Info.plist */ = {isa = PBXFileReference; lastKnownFileType = text.plist.xml; path = Info.plist; sourceTree = "<group>"; };
		0A1B52C9298662DC00FB548D /* DetailsStruct.swift */ = {isa = PBXFileReference; lastKnownFileType = sourcecode.swift; path = DetailsStruct.swift; sourceTree = "<group>"; };
		0A1B52D3298663F200FB548D /* PlaceEntityStack.swift */ = {isa = PBXFileReference; lastKnownFileType = sourcecode.swift; path = PlaceEntityStack.swift; sourceTree = "<group>"; };
		0A1B52D52986642100FB548D /* SearchHistoryStack.swift */ = {isa = PBXFileReference; lastKnownFileType = sourcecode.swift; path = SearchHistoryStack.swift; sourceTree = "<group>"; };
		0A1B52D7298664BE00FB548D /* FavouriteTableViewCell.swift */ = {isa = PBXFileReference; lastKnownFileType = sourcecode.swift; path = FavouriteTableViewCell.swift; sourceTree = "<group>"; };
		0A1B52D9298664CE00FB548D /* ResultCollectionViewCell.swift */ = {isa = PBXFileReference; lastKnownFileType = sourcecode.swift; path = ResultCollectionViewCell.swift; sourceTree = "<group>"; };
		0A1B52DB298664E000FB548D /* SearchResultTableViewCell.swift */ = {isa = PBXFileReference; lastKnownFileType = sourcecode.swift; path = SearchResultTableViewCell.swift; sourceTree = "<group>"; };
		0A1B52DD2986658A00FB548D /* MapViewController.swift */ = {isa = PBXFileReference; lastKnownFileType = sourcecode.swift; path = MapViewController.swift; sourceTree = "<group>"; };
		0A1B52DF2986659C00FB548D /* FavouriteTableView.swift */ = {isa = PBXFileReference; lastKnownFileType = sourcecode.swift; path = FavouriteTableView.swift; sourceTree = "<group>"; };
		0A1B52E1298665BE00FB548D /* DetailViewController.swift */ = {isa = PBXFileReference; lastKnownFileType = sourcecode.swift; path = DetailViewController.swift; sourceTree = "<group>"; };
		0A1B52E3298665CF00FB548D /* SearchViewController.swift */ = {isa = PBXFileReference; lastKnownFileType = sourcecode.swift; path = SearchViewController.swift; sourceTree = "<group>"; };
		0A1B52E6298665E200FB548D /* WeatherViewController.swift */ = {isa = PBXFileReference; lastKnownFileType = sourcecode.swift; path = WeatherViewController.swift; sourceTree = "<group>"; };
		0A44477829ACF71500C78698 /* NotificationManager.swift */ = {isa = PBXFileReference; lastKnownFileType = sourcecode.swift; path = NotificationManager.swift; sourceTree = "<group>"; };
		0A44477B29AD86DC00C78698 /* DirectionResultStruct.swift */ = {isa = PBXFileReference; lastKnownFileType = sourcecode.swift; path = DirectionResultStruct.swift; sourceTree = "<group>"; };
		0A44477E29AD876C00C78698 /* OnboardingStruct.swift */ = {isa = PBXFileReference; lastKnownFileType = sourcecode.swift; path = OnboardingStruct.swift; sourceTree = "<group>"; };
		0A44478129AD87B700C78698 /* SearchViewStruct.swift */ = {isa = PBXFileReference; lastKnownFileType = sourcecode.swift; path = SearchViewStruct.swift; sourceTree = "<group>"; };
		0A810FDC29A2C1CA00227AA3 /* Map Search App.entitlements */ = {isa = PBXFileReference; lastKnownFileType = text.plist.entitlements; path = "Map Search App.entitlements"; sourceTree = "<group>"; };
		0A810FDE29A2C61600227AA3 /* WeatherParsing.swift */ = {isa = PBXFileReference; lastKnownFileType = sourcecode.swift; path = WeatherParsing.swift; sourceTree = "<group>"; };
		0A810FE029A2D0AB00227AA3 /* WeatherModel.swift */ = {isa = PBXFileReference; lastKnownFileType = sourcecode.swift; path = WeatherModel.swift; sourceTree = "<group>"; };
		0A810FE229A2D9D900227AA3 /* CurrentAPI.geojson */ = {isa = PBXFileReference; lastKnownFileType = text; path = CurrentAPI.geojson; sourceTree = "<group>"; };
		0A902E7329A76CB20099D436 /* ForecastAPI.geojson */ = {isa = PBXFileReference; lastKnownFileType = text; path = ForecastAPI.geojson; sourceTree = "<group>"; };
		0A902E7429AA01DF0099D436 /* ImagesCode.geojson */ = {isa = PBXFileReference; lastKnownFileType = text; path = ImagesCode.geojson; sourceTree = "<group>"; };
		3449A25C555D5F50249FCC55 /* Pods_Map_Search_App.framework */ = {isa = PBXFileReference; explicitFileType = wrapper.framework; includeInIndex = 0; path = Pods_Map_Search_App.framework; sourceTree = BUILT_PRODUCTS_DIR; };
		8B61FC16511157D3CC42CC77 /* Pods-Map Search App.debug.xcconfig */ = {isa = PBXFileReference; includeInIndex = 1; lastKnownFileType = text.xcconfig; name = "Pods-Map Search App.debug.xcconfig"; path = "Target Support Files/Pods-Map Search App/Pods-Map Search App.debug.xcconfig"; sourceTree = "<group>"; };
		CA51D5CB2C5289EBACB64F69 /* Pods-Map Search App.release.xcconfig */ = {isa = PBXFileReference; includeInIndex = 1; lastKnownFileType = text.xcconfig; name = "Pods-Map Search App.release.xcconfig"; path = "Target Support Files/Pods-Map Search App/Pods-Map Search App.release.xcconfig"; sourceTree = "<group>"; };
/* End PBXFileReference section */

/* Begin PBXFrameworksBuildPhase section */
		0A1B52A629865E5E00FB548D /* Frameworks */ = {
			isa = PBXFrameworksBuildPhase;
			buildActionMask = 2147483647;
			files = (
				4F96613ADD4C578851915A65 /* Pods_Map_Search_App.framework in Frameworks */,
			);
			runOnlyForDeploymentPostprocessing = 0;
		};
/* End PBXFrameworksBuildPhase section */

/* Begin PBXGroup section */
		0A05E9CE2993330D00B87C5E /* SetDirectionModels */ = {
			isa = PBXGroup;
			children = (
				0A05E9C9298DCCDC00B87C5E /* SetDirectionData.swift */,
			);
			path = SetDirectionModels;
			sourceTree = "<group>";
		};
		0A05E9CF2993332B00B87C5E /* DetailModels */ = {
			isa = PBXGroup;
			children = (
				0A1B52C9298662DC00FB548D /* DetailsStruct.swift */,
			);
			path = DetailModels;
			sourceTree = "<group>";
		};
		0A05E9D4299B6DCE00B87C5E /* MapVC */ = {
			isa = PBXGroup;
			children = (
				0A1B52DD2986658A00FB548D /* MapViewController.swift */,
			);
			path = MapVC;
			sourceTree = "<group>";
		};
		0A05E9D5299B6DDE00B87C5E /* DetailVC */ = {
			isa = PBXGroup;
			children = (
				0A05E9CF2993332B00B87C5E /* DetailModels */,
				0A1B52E1298665BE00FB548D /* DetailViewController.swift */,
			);
			path = DetailVC;
			sourceTree = "<group>";
		};
		0A05E9D6299B6DFF00B87C5E /* SetDirectionVC */ = {
			isa = PBXGroup;
			children = (
				0A05E9BD298D539C00B87C5E /* SetDirectionViewController.swift */,
				0A05E9D7299B6E3100B87C5E /* CustomCell */,
				0A05E9CE2993330D00B87C5E /* SetDirectionModels */,
			);
			path = SetDirectionVC;
			sourceTree = "<group>";
		};
		0A05E9D7299B6E3100B87C5E /* CustomCell */ = {
			isa = PBXGroup;
			children = (
				0A05E9C7298DB70000B87C5E /* SetDirectionCollectionViewCell.swift */,
			);
			path = CustomCell;
			sourceTree = "<group>";
		};
		0A05E9D8299B6E5400B87C5E /* DirectionResultVC */ = {
			isa = PBXGroup;
			children = (
				0A44477A29AD86C400C78698 /* DirectionResultModel */,
				0A05E9D9299B6E5F00B87C5E /* CustomCell */,
				0A05E9D02993456F00B87C5E /* DirectionResultViewController.swift */,
			);
			path = DirectionResultVC;
			sourceTree = "<group>";
		};
		0A05E9D9299B6E5F00B87C5E /* CustomCell */ = {
			isa = PBXGroup;
			children = (
				0A05E9DA299B6E7F00B87C5E /* DirectionResultTableViewCell.swift */,
			);
			path = CustomCell;
			sourceTree = "<group>";
		};
		0A05E9DC299D746800B87C5E /* FavouriteVC */ = {
			isa = PBXGroup;
			children = (
				0A1B52DF2986659C00FB548D /* FavouriteTableView.swift */,
				0A05E9DD299D747100B87C5E /* CustomCells */,
			);
			path = FavouriteVC;
			sourceTree = "<group>";
		};
		0A05E9DD299D747100B87C5E /* CustomCells */ = {
			isa = PBXGroup;
			children = (
				0A1B52D7298664BE00FB548D /* FavouriteTableViewCell.swift */,
			);
			path = CustomCells;
			sourceTree = "<group>";
		};
		0A05E9DE299D804800B87C5E /* OnboardingVC */ = {
			isa = PBXGroup;
			children = (
				0A44477D29AD875900C78698 /* OnboardingModel */,
				0A05E9DF299D809C00B87C5E /* OnboardingViewController.swift */,
			);
			path = OnboardingVC;
			sourceTree = "<group>";
		};
		0A1B52A029865E5E00FB548D = {
			isa = PBXGroup;
			children = (
				0A1B52AB29865E5E00FB548D /* Map Search App */,
				0A1B52AA29865E5E00FB548D /* Products */,
				4EF4495F76D906FBC41374F8 /* Pods */,
				EE9E6F0566BB8E2625288C7F /* Frameworks */,
			);
			sourceTree = "<group>";
		};
		0A1B52AA29865E5E00FB548D /* Products */ = {
			isa = PBXGroup;
			children = (
				0A1B52A929865E5E00FB548D /* Map Search App.app */,
			);
			name = Products;
			sourceTree = "<group>";
		};
		0A1B52AB29865E5E00FB548D /* Map Search App */ = {
			isa = PBXGroup;
			children = (
				0A810FDC29A2C1CA00227AA3 /* Map Search App.entitlements */,
				0A1B52C7298662AD00FB548D /* CoreDataStack */,
				0A1B52C62986626D00FB548D /* Managers */,
				0A1B52C52986624B00FB548D /* Storyboard and assets */,
				0A1B52C42986623A00FB548D /* ViewControllers */,
				0A1B52C32986623100FB548D /* ManagersControllers */,
				0A1B52BD29865E6000FB548D /* Info.plist */,
			);
			path = "Map Search App";
			sourceTree = "<group>";
		};
		0A1B52C32986623100FB548D /* ManagersControllers */ = {
			isa = PBXGroup;
			children = (
				0A05E9C1298DA11D00B87C5E /* DateConverter.swift */,
				0A05E9D22996245C00B87C5E /* DirectionTools.swift */,
				0A05E9CC29932F2F00B87C5E /* LocationDataConverter.swift */,
				0A44477829ACF71500C78698 /* NotificationManager.swift */,
			);
			path = ManagersControllers;
			sourceTree = "<group>";
		};
		0A1B52C42986623A00FB548D /* ViewControllers */ = {
			isa = PBXGroup;
			children = (
				0A05E9D5299B6DDE00B87C5E /* DetailVC */,
				0A810FDB299F5F5600227AA3 /* DeveloperInfoVC */,
				0A05E9D8299B6E5400B87C5E /* DirectionResultVC */,
				0A05E9DC299D746800B87C5E /* FavouriteVC */,
				0A05E9D4299B6DCE00B87C5E /* MapVC */,
				0A05E9DE299D804800B87C5E /* OnboardingVC */,
				0A810FD8299F5ED300227AA3 /* SearchVC */,
				0A05E9D6299B6DFF00B87C5E /* SetDirectionVC */,
				0A810FDA299F5F4900227AA3 /* WeatherVC */,
			);
			path = ViewControllers;
			sourceTree = "<group>";
		};
		0A1B52C52986624B00FB548D /* Storyboard and assets */ = {
			isa = PBXGroup;
			children = (
				0A1B52BA29865E6000FB548D /* LaunchScreen.storyboard */,
				0A1B52B229865E5E00FB548D /* Main.storyboard */,
				0A1B52B829865E6000FB548D /* Assets.xcassets */,
			);
			path = "Storyboard and assets";
			sourceTree = "<group>";
		};
		0A1B52C62986626D00FB548D /* Managers */ = {
			isa = PBXGroup;
			children = (
				0A1B52AC29865E5E00FB548D /* AppDelegate.swift */,
				0A1B52AE29865E5E00FB548D /* SceneDelegate.swift */,
				0A05E9E1299D80EE00B87C5E /* Core.swift */,
			);
			path = Managers;
			sourceTree = "<group>";
		};
		0A1B52C7298662AD00FB548D /* CoreDataStack */ = {
			isa = PBXGroup;
			children = (
				0A1B52B529865E5E00FB548D /* Map_Search_App.xcdatamodeld */,
				0A1B52D3298663F200FB548D /* PlaceEntityStack.swift */,
				0A1B52D52986642100FB548D /* SearchHistoryStack.swift */,
			);
			path = CoreDataStack;
			sourceTree = "<group>";
		};
		0A44477A29AD86C400C78698 /* DirectionResultModel */ = {
			isa = PBXGroup;
			children = (
				0A44477B29AD86DC00C78698 /* DirectionResultStruct.swift */,
			);
			path = DirectionResultModel;
			sourceTree = "<group>";
		};
		0A44477D29AD875900C78698 /* OnboardingModel */ = {
			isa = PBXGroup;
			children = (
				0A44477E29AD876C00C78698 /* OnboardingStruct.swift */,
			);
			path = OnboardingModel;
			sourceTree = "<group>";
		};
		0A44478029AD87A000C78698 /* SearchViewModel */ = {
			isa = PBXGroup;
			children = (
				0A44478129AD87B700C78698 /* SearchViewStruct.swift */,
			);
			path = SearchViewModel;
			sourceTree = "<group>";
		};
		0A810FD8299F5ED300227AA3 /* SearchVC */ = {
			isa = PBXGroup;
			children = (
				0A44478029AD87A000C78698 /* SearchViewModel */,
				0A1B52E3298665CF00FB548D /* SearchViewController.swift */,
				0A810FD9299F5EE300227AA3 /* CustomCell */,
			);
			path = SearchVC;
			sourceTree = "<group>";
		};
		0A810FD9299F5EE300227AA3 /* CustomCell */ = {
			isa = PBXGroup;
			children = (
				0A1B52D9298664CE00FB548D /* ResultCollectionViewCell.swift */,
				0A1B52DB298664E000FB548D /* SearchResultTableViewCell.swift */,
			);
			path = CustomCell;
			sourceTree = "<group>";
		};
		0A810FDA299F5F4900227AA3 /* WeatherVC */ = {
			isa = PBXGroup;
			children = (
				0A1B52E6298665E200FB548D /* WeatherViewController.swift */,
				0A810FDD29A2C5F700227AA3 /* WeatherModel */,
			);
			path = WeatherVC;
			sourceTree = "<group>";
		};
		0A810FDB299F5F5600227AA3 /* DeveloperInfoVC */ = {
			isa = PBXGroup;
			children = (
				0A05E9BB2988416400B87C5E /* DeveloperViewController.swift */,
			);
			path = DeveloperInfoVC;
			sourceTree = "<group>";
		};
		0A810FDD29A2C5F700227AA3 /* WeatherModel */ = {
			isa = PBXGroup;
			children = (
				0A810FDE29A2C61600227AA3 /* WeatherParsing.swift */,
				0A810FE029A2D0AB00227AA3 /* WeatherModel.swift */,
				0A810FE229A2D9D900227AA3 /* CurrentAPI.geojson */,
				0A902E7329A76CB20099D436 /* ForecastAPI.geojson */,
				0A902E7429AA01DF0099D436 /* ImagesCode.geojson */,
			);
			path = WeatherModel;
			sourceTree = "<group>";
		};
		4EF4495F76D906FBC41374F8 /* Pods */ = {
			isa = PBXGroup;
			children = (
				8B61FC16511157D3CC42CC77 /* Pods-Map Search App.debug.xcconfig */,
				CA51D5CB2C5289EBACB64F69 /* Pods-Map Search App.release.xcconfig */,
			);
			path = Pods;
			sourceTree = "<group>";
		};
		EE9E6F0566BB8E2625288C7F /* Frameworks */ = {
			isa = PBXGroup;
			children = (
				3449A25C555D5F50249FCC55 /* Pods_Map_Search_App.framework */,
			);
			name = Frameworks;
			sourceTree = "<group>";
		};
/* End PBXGroup section */

/* Begin PBXNativeTarget section */
		0A1B52A829865E5E00FB548D /* Map Search App */ = {
			isa = PBXNativeTarget;
			buildConfigurationList = 0A1B52C029865E6000FB548D /* Build configuration list for PBXNativeTarget "Map Search App" */;
			buildPhases = (
				D49C6D086AC4755646DDFA68 /* [CP] Check Pods Manifest.lock */,
				0A1B52A529865E5E00FB548D /* Sources */,
				0A1B52A629865E5E00FB548D /* Frameworks */,
				0A1B52A729865E5E00FB548D /* Resources */,
				997640A1FDE694A83AD8DE68 /* [CP] Embed Pods Frameworks */,
			);
			buildRules = (
			);
			dependencies = (
			);
			name = "Map Search App";
			productName = "Map Search App";
			productReference = 0A1B52A929865E5E00FB548D /* Map Search App.app */;
			productType = "com.apple.product-type.application";
		};
/* End PBXNativeTarget section */

/* Begin PBXProject section */
		0A1B52A129865E5E00FB548D /* Project object */ = {
			isa = PBXProject;
			attributes = {
				BuildIndependentTargetsInParallel = 1;
				LastSwiftUpdateCheck = 1410;
				LastUpgradeCheck = 1410;
				TargetAttributes = {
					0A1B52A829865E5E00FB548D = {
						CreatedOnToolsVersion = 14.1;
					};
				};
			};
			buildConfigurationList = 0A1B52A429865E5E00FB548D /* Build configuration list for PBXProject "Map Search App" */;
			compatibilityVersion = "Xcode 14.0";
			developmentRegion = en;
			hasScannedForEncodings = 0;
			knownRegions = (
				en,
				Base,
			);
			mainGroup = 0A1B52A029865E5E00FB548D;
			productRefGroup = 0A1B52AA29865E5E00FB548D /* Products */;
			projectDirPath = "";
			projectRoot = "";
			targets = (
				0A1B52A829865E5E00FB548D /* Map Search App */,
			);
		};
/* End PBXProject section */

/* Begin PBXResourcesBuildPhase section */
		0A1B52A729865E5E00FB548D /* Resources */ = {
			isa = PBXResourcesBuildPhase;
			buildActionMask = 2147483647;
			files = (
				0A1B52BC29865E6000FB548D /* LaunchScreen.storyboard in Resources */,
				0A1B52B929865E6000FB548D /* Assets.xcassets in Resources */,
				0A1B52B429865E5E00FB548D /* Main.storyboard in Resources */,
			);
			runOnlyForDeploymentPostprocessing = 0;
		};
/* End PBXResourcesBuildPhase section */

/* Begin PBXShellScriptBuildPhase section */
		997640A1FDE694A83AD8DE68 /* [CP] Embed Pods Frameworks */ = {
			isa = PBXShellScriptBuildPhase;
			buildActionMask = 2147483647;
			files = (
			);
			inputFileListPaths = (
				"${PODS_ROOT}/Target Support Files/Pods-Map Search App/Pods-Map Search App-frameworks-${CONFIGURATION}-input-files.xcfilelist",
			);
			name = "[CP] Embed Pods Frameworks";
			outputFileListPaths = (
				"${PODS_ROOT}/Target Support Files/Pods-Map Search App/Pods-Map Search App-frameworks-${CONFIGURATION}-output-files.xcfilelist",
			);
			runOnlyForDeploymentPostprocessing = 0;
			shellPath = /bin/sh;
			shellScript = "\"${PODS_ROOT}/Target Support Files/Pods-Map Search App/Pods-Map Search App-frameworks.sh\"\n";
			showEnvVarsInLog = 0;
		};
		D49C6D086AC4755646DDFA68 /* [CP] Check Pods Manifest.lock */ = {
			isa = PBXShellScriptBuildPhase;
			buildActionMask = 2147483647;
			files = (
			);
			inputFileListPaths = (
			);
			inputPaths = (
				"${PODS_PODFILE_DIR_PATH}/Podfile.lock",
				"${PODS_ROOT}/Manifest.lock",
			);
			name = "[CP] Check Pods Manifest.lock";
			outputFileListPaths = (
			);
			outputPaths = (
				"$(DERIVED_FILE_DIR)/Pods-Map Search App-checkManifestLockResult.txt",
			);
			runOnlyForDeploymentPostprocessing = 0;
			shellPath = /bin/sh;
			shellScript = "diff \"${PODS_PODFILE_DIR_PATH}/Podfile.lock\" \"${PODS_ROOT}/Manifest.lock\" > /dev/null\nif [ $? != 0 ] ; then\n    # print error to STDERR\n    echo \"error: The sandbox is not in sync with the Podfile.lock. Run 'pod install' or update your CocoaPods installation.\" >&2\n    exit 1\nfi\n# This output is used by Xcode 'outputs' to avoid re-running this script phase.\necho \"SUCCESS\" > \"${SCRIPT_OUTPUT_FILE_0}\"\n";
			showEnvVarsInLog = 0;
		};
/* End PBXShellScriptBuildPhase section */

/* Begin PBXSourcesBuildPhase section */
		0A1B52A529865E5E00FB548D /* Sources */ = {
			isa = PBXSourcesBuildPhase;
			buildActionMask = 2147483647;
			files = (
				0A05E9BC2988416400B87C5E /* DeveloperViewController.swift in Sources */,
				0A44478229AD87B700C78698 /* SearchViewStruct.swift in Sources */,
				0A1B52AD29865E5E00FB548D /* AppDelegate.swift in Sources */,
				0A1B52E02986659C00FB548D /* FavouriteTableView.swift in Sources */,
				0A05E9CD29932F2F00B87C5E /* LocationDataConverter.swift in Sources */,
				0A1B52B729865E5E00FB548D /* Map_Search_App.xcdatamodeld in Sources */,
				0A05E9CA298DCCDC00B87C5E /* SetDirectionData.swift in Sources */,
				0A1B52E2298665BE00FB548D /* DetailViewController.swift in Sources */,
				0A1B52D4298663F300FB548D /* PlaceEntityStack.swift in Sources */,
				0A05E9DB299B6E7F00B87C5E /* DirectionResultTableViewCell.swift in Sources */,
				0A1B52DE2986658A00FB548D /* MapViewController.swift in Sources */,
				0A05E9D12993456F00B87C5E /* DirectionResultViewController.swift in Sources */,
				0A1B52AF29865E5E00FB548D /* SceneDelegate.swift in Sources */,
				0A05E9E0299D809C00B87C5E /* OnboardingViewController.swift in Sources */,
				0A44477F29AD876C00C78698 /* OnboardingStruct.swift in Sources */,
				0A1B52D8298664BE00FB548D /* FavouriteTableViewCell.swift in Sources */,
				0A44477929ACF71500C78698 /* NotificationManager.swift in Sources */,
				0A05E9C8298DB70000B87C5E /* SetDirectionCollectionViewCell.swift in Sources */,
				0A1B52E4298665CF00FB548D /* SearchViewController.swift in Sources */,
				0A05E9D32996245C00B87C5E /* DirectionTools.swift in Sources */,
				0A1B52CA298662DC00FB548D /* DetailsStruct.swift in Sources */,
				0A810FDF29A2C61600227AA3 /* WeatherParsing.swift in Sources */,
				0A05E9C2298DA11D00B87C5E /* DateConverter.swift in Sources */,
				0A05E9E2299D80EE00B87C5E /* Core.swift in Sources */,
				0A44477C29AD86DC00C78698 /* DirectionResultStruct.swift in Sources */,
				0A1B52D62986642100FB548D /* SearchHistoryStack.swift in Sources */,
				0A810FE129A2D0AB00227AA3 /* WeatherModel.swift in Sources */,
				0A1B52E7298665E200FB548D /* WeatherViewController.swift in Sources */,
				0A1B52DA298664CE00FB548D /* ResultCollectionViewCell.swift in Sources */,
				0A05E9BE298D539C00B87C5E /* SetDirectionViewController.swift in Sources */,
				0A1B52DC298664E000FB548D /* SearchResultTableViewCell.swift in Sources */,
			);
			runOnlyForDeploymentPostprocessing = 0;
		};
/* End PBXSourcesBuildPhase section */

/* Begin PBXVariantGroup section */
		0A1B52B229865E5E00FB548D /* Main.storyboard */ = {
			isa = PBXVariantGroup;
			children = (
				0A1B52B329865E5E00FB548D /* Base */,
			);
			name = Main.storyboard;
			sourceTree = "<group>";
		};
		0A1B52BA29865E6000FB548D /* LaunchScreen.storyboard */ = {
			isa = PBXVariantGroup;
			children = (
				0A1B52BB29865E6000FB548D /* Base */,
			);
			name = LaunchScreen.storyboard;
			sourceTree = "<group>";
		};
/* End PBXVariantGroup section */

/* Begin XCBuildConfiguration section */
		0A1B52BE29865E6000FB548D /* Debug */ = {
			isa = XCBuildConfiguration;
			buildSettings = {
				ALWAYS_SEARCH_USER_PATHS = NO;
				CLANG_ANALYZER_NONNULL = YES;
				CLANG_ANALYZER_NUMBER_OBJECT_CONVERSION = YES_AGGRESSIVE;
				CLANG_CXX_LANGUAGE_STANDARD = "gnu++20";
				CLANG_ENABLE_MODULES = YES;
				CLANG_ENABLE_OBJC_ARC = YES;
				CLANG_ENABLE_OBJC_WEAK = YES;
				CLANG_WARN_BLOCK_CAPTURE_AUTORELEASING = YES;
				CLANG_WARN_BOOL_CONVERSION = YES;
				CLANG_WARN_COMMA = YES;
				CLANG_WARN_CONSTANT_CONVERSION = YES;
				CLANG_WARN_DEPRECATED_OBJC_IMPLEMENTATIONS = YES;
				CLANG_WARN_DIRECT_OBJC_ISA_USAGE = YES_ERROR;
				CLANG_WARN_DOCUMENTATION_COMMENTS = YES;
				CLANG_WARN_EMPTY_BODY = YES;
				CLANG_WARN_ENUM_CONVERSION = YES;
				CLANG_WARN_INFINITE_RECURSION = YES;
				CLANG_WARN_INT_CONVERSION = YES;
				CLANG_WARN_NON_LITERAL_NULL_CONVERSION = YES;
				CLANG_WARN_OBJC_IMPLICIT_RETAIN_SELF = YES;
				CLANG_WARN_OBJC_LITERAL_CONVERSION = YES;
				CLANG_WARN_OBJC_ROOT_CLASS = YES_ERROR;
				CLANG_WARN_QUOTED_INCLUDE_IN_FRAMEWORK_HEADER = YES;
				CLANG_WARN_RANGE_LOOP_ANALYSIS = YES;
				CLANG_WARN_STRICT_PROTOTYPES = YES;
				CLANG_WARN_SUSPICIOUS_MOVE = YES;
				CLANG_WARN_UNGUARDED_AVAILABILITY = YES_AGGRESSIVE;
				CLANG_WARN_UNREACHABLE_CODE = YES;
				CLANG_WARN__DUPLICATE_METHOD_MATCH = YES;
				COPY_PHASE_STRIP = NO;
				DEBUG_INFORMATION_FORMAT = dwarf;
				ENABLE_STRICT_OBJC_MSGSEND = YES;
				ENABLE_TESTABILITY = YES;
				GCC_C_LANGUAGE_STANDARD = gnu11;
				GCC_DYNAMIC_NO_PIC = NO;
				GCC_NO_COMMON_BLOCKS = YES;
				GCC_OPTIMIZATION_LEVEL = 0;
				GCC_PREPROCESSOR_DEFINITIONS = (
					"DEBUG=1",
					"$(inherited)",
				);
				GCC_WARN_64_TO_32_BIT_CONVERSION = YES;
				GCC_WARN_ABOUT_RETURN_TYPE = YES_ERROR;
				GCC_WARN_UNDECLARED_SELECTOR = YES;
				GCC_WARN_UNINITIALIZED_AUTOS = YES_AGGRESSIVE;
				GCC_WARN_UNUSED_FUNCTION = YES;
				GCC_WARN_UNUSED_VARIABLE = YES;
				IPHONEOS_DEPLOYMENT_TARGET = 16.1;
				MTL_ENABLE_DEBUG_INFO = INCLUDE_SOURCE;
				MTL_FAST_MATH = YES;
				ONLY_ACTIVE_ARCH = YES;
				SDKROOT = iphoneos;
				SWIFT_ACTIVE_COMPILATION_CONDITIONS = DEBUG;
				SWIFT_OPTIMIZATION_LEVEL = "-Onone";
			};
			name = Debug;
		};
		0A1B52BF29865E6000FB548D /* Release */ = {
			isa = XCBuildConfiguration;
			buildSettings = {
				ALWAYS_SEARCH_USER_PATHS = NO;
				CLANG_ANALYZER_NONNULL = YES;
				CLANG_ANALYZER_NUMBER_OBJECT_CONVERSION = YES_AGGRESSIVE;
				CLANG_CXX_LANGUAGE_STANDARD = "gnu++20";
				CLANG_ENABLE_MODULES = YES;
				CLANG_ENABLE_OBJC_ARC = YES;
				CLANG_ENABLE_OBJC_WEAK = YES;
				CLANG_WARN_BLOCK_CAPTURE_AUTORELEASING = YES;
				CLANG_WARN_BOOL_CONVERSION = YES;
				CLANG_WARN_COMMA = YES;
				CLANG_WARN_CONSTANT_CONVERSION = YES;
				CLANG_WARN_DEPRECATED_OBJC_IMPLEMENTATIONS = YES;
				CLANG_WARN_DIRECT_OBJC_ISA_USAGE = YES_ERROR;
				CLANG_WARN_DOCUMENTATION_COMMENTS = YES;
				CLANG_WARN_EMPTY_BODY = YES;
				CLANG_WARN_ENUM_CONVERSION = YES;
				CLANG_WARN_INFINITE_RECURSION = YES;
				CLANG_WARN_INT_CONVERSION = YES;
				CLANG_WARN_NON_LITERAL_NULL_CONVERSION = YES;
				CLANG_WARN_OBJC_IMPLICIT_RETAIN_SELF = YES;
				CLANG_WARN_OBJC_LITERAL_CONVERSION = YES;
				CLANG_WARN_OBJC_ROOT_CLASS = YES_ERROR;
				CLANG_WARN_QUOTED_INCLUDE_IN_FRAMEWORK_HEADER = YES;
				CLANG_WARN_RANGE_LOOP_ANALYSIS = YES;
				CLANG_WARN_STRICT_PROTOTYPES = YES;
				CLANG_WARN_SUSPICIOUS_MOVE = YES;
				CLANG_WARN_UNGUARDED_AVAILABILITY = YES_AGGRESSIVE;
				CLANG_WARN_UNREACHABLE_CODE = YES;
				CLANG_WARN__DUPLICATE_METHOD_MATCH = YES;
				COPY_PHASE_STRIP = NO;
				DEBUG_INFORMATION_FORMAT = "dwarf-with-dsym";
				ENABLE_NS_ASSERTIONS = NO;
				ENABLE_STRICT_OBJC_MSGSEND = YES;
				GCC_C_LANGUAGE_STANDARD = gnu11;
				GCC_NO_COMMON_BLOCKS = YES;
				GCC_WARN_64_TO_32_BIT_CONVERSION = YES;
				GCC_WARN_ABOUT_RETURN_TYPE = YES_ERROR;
				GCC_WARN_UNDECLARED_SELECTOR = YES;
				GCC_WARN_UNINITIALIZED_AUTOS = YES_AGGRESSIVE;
				GCC_WARN_UNUSED_FUNCTION = YES;
				GCC_WARN_UNUSED_VARIABLE = YES;
				IPHONEOS_DEPLOYMENT_TARGET = 16.1;
				MTL_ENABLE_DEBUG_INFO = NO;
				MTL_FAST_MATH = YES;
				SDKROOT = iphoneos;
				SWIFT_COMPILATION_MODE = wholemodule;
				SWIFT_OPTIMIZATION_LEVEL = "-O";
				VALIDATE_PRODUCT = YES;
			};
			name = Release;
		};
		0A1B52C129865E6000FB548D /* Debug */ = {
			isa = XCBuildConfiguration;
			baseConfigurationReference = 8B61FC16511157D3CC42CC77 /* Pods-Map Search App.debug.xcconfig */;
			buildSettings = {
				ASSETCATALOG_COMPILER_APPICON_NAME = AppIcon;
				ASSETCATALOG_COMPILER_GLOBAL_ACCENT_COLOR_NAME = AccentColor;
				CODE_SIGN_ENTITLEMENTS = "Map Search App/Map Search App.entitlements";
				CODE_SIGN_STYLE = Automatic;
				CURRENT_PROJECT_VERSION = 1;
				DEVELOPMENT_TEAM = 2275P6FG35;
				GENERATE_INFOPLIST_FILE = YES;
				INFOPLIST_FILE = "Map Search App/Info.plist";
				INFOPLIST_KEY_CFBundleDisplayName = Maps;
				INFOPLIST_KEY_NSLocationAlwaysAndWhenInUseUsageDescription = "Location tracking need for showing current user's location in real time";
				INFOPLIST_KEY_NSLocationAlwaysUsageDescription = "Location tracking need for showing current user's location in real time";
				INFOPLIST_KEY_NSLocationWhenInUseUsageDescription = "Location tracking need for showing current user's location in real time";
				INFOPLIST_KEY_UIApplicationSupportsIndirectInputEvents = YES;
				INFOPLIST_KEY_UILaunchStoryboardName = LaunchScreen;
				INFOPLIST_KEY_UIMainStoryboardFile = Main;
				INFOPLIST_KEY_UISupportedInterfaceOrientations_iPad = "UIInterfaceOrientationPortrait UIInterfaceOrientationPortraitUpsideDown UIInterfaceOrientationLandscapeLeft UIInterfaceOrientationLandscapeRight";
				INFOPLIST_KEY_UISupportedInterfaceOrientations_iPhone = "UIInterfaceOrientationPortrait UIInterfaceOrientationLandscapeLeft UIInterfaceOrientationLandscapeRight";
				LD_RUNPATH_SEARCH_PATHS = (
					"$(inherited)",
					"@executable_path/Frameworks",
				);
				MARKETING_VERSION = 1.0;
				PRODUCT_BUNDLE_IDENTIFIER = "Malkov.KS.Map-Search-App";
				PRODUCT_NAME = "$(TARGET_NAME)";
				SWIFT_EMIT_LOC_STRINGS = YES;
				SWIFT_VERSION = 5.0;
				TARGETED_DEVICE_FAMILY = "1,2";
			};
			name = Debug;
		};
		0A1B52C229865E6000FB548D /* Release */ = {
			isa = XCBuildConfiguration;
			baseConfigurationReference = CA51D5CB2C5289EBACB64F69 /* Pods-Map Search App.release.xcconfig */;
			buildSettings = {
				ASSETCATALOG_COMPILER_APPICON_NAME = AppIcon;
				ASSETCATALOG_COMPILER_GLOBAL_ACCENT_COLOR_NAME = AccentColor;
				CODE_SIGN_ENTITLEMENTS = "Map Search App/Map Search App.entitlements";
				CODE_SIGN_STYLE = Automatic;
				CURRENT_PROJECT_VERSION = 1;
				DEVELOPMENT_TEAM = 2275P6FG35;
				GENERATE_INFOPLIST_FILE = YES;
				INFOPLIST_FILE = "Map Search App/Info.plist";
				INFOPLIST_KEY_CFBundleDisplayName = Maps;
				INFOPLIST_KEY_NSLocationAlwaysAndWhenInUseUsageDescription = "Location tracking need for showing current user's location in real time";
				INFOPLIST_KEY_NSLocationAlwaysUsageDescription = "Location tracking need for showing current user's location in real time";
				INFOPLIST_KEY_NSLocationWhenInUseUsageDescription = "Location tracking need for showing current user's location in real time";
				INFOPLIST_KEY_UIApplicationSupportsIndirectInputEvents = YES;
				INFOPLIST_KEY_UILaunchStoryboardName = LaunchScreen;
				INFOPLIST_KEY_UIMainStoryboardFile = Main;
				INFOPLIST_KEY_UISupportedInterfaceOrientations_iPad = "UIInterfaceOrientationPortrait UIInterfaceOrientationPortraitUpsideDown UIInterfaceOrientationLandscapeLeft UIInterfaceOrientationLandscapeRight";
				INFOPLIST_KEY_UISupportedInterfaceOrientations_iPhone = "UIInterfaceOrientationPortrait UIInterfaceOrientationLandscapeLeft UIInterfaceOrientationLandscapeRight";
				LD_RUNPATH_SEARCH_PATHS = (
					"$(inherited)",
					"@executable_path/Frameworks",
				);
				MARKETING_VERSION = 1.0;
				PRODUCT_BUNDLE_IDENTIFIER = "Malkov.KS.Map-Search-App";
				PRODUCT_NAME = "$(TARGET_NAME)";
				SWIFT_EMIT_LOC_STRINGS = YES;
				SWIFT_VERSION = 5.0;
				TARGETED_DEVICE_FAMILY = "1,2";
			};
			name = Release;
		};
/* End XCBuildConfiguration section */

/* Begin XCConfigurationList section */
		0A1B52A429865E5E00FB548D /* Build configuration list for PBXProject "Map Search App" */ = {
			isa = XCConfigurationList;
			buildConfigurations = (
				0A1B52BE29865E6000FB548D /* Debug */,
				0A1B52BF29865E6000FB548D /* Release */,
			);
			defaultConfigurationIsVisible = 0;
			defaultConfigurationName = Release;
		};
		0A1B52C029865E6000FB548D /* Build configuration list for PBXNativeTarget "Map Search App" */ = {
			isa = XCConfigurationList;
			buildConfigurations = (
				0A1B52C129865E6000FB548D /* Debug */,
				0A1B52C229865E6000FB548D /* Release */,
			);
			defaultConfigurationIsVisible = 0;
			defaultConfigurationName = Release;
		};
/* End XCConfigurationList section */

/* Begin XCVersionGroup section */
		0A1B52B529865E5E00FB548D /* Map_Search_App.xcdatamodeld */ = {
			isa = XCVersionGroup;
			children = (
				0A1B52B629865E5E00FB548D /* Map_Search_App.xcdatamodel */,
			);
			currentVersion = 0A1B52B629865E5E00FB548D /* Map_Search_App.xcdatamodel */;
			path = Map_Search_App.xcdatamodeld;
			sourceTree = "<group>";
			versionGroupType = wrapper.xcdatamodel;
		};
/* End XCVersionGroup section */
	};
	rootObject = 0A1B52A129865E5E00FB548D /* Project object */;
}
